
Microsoft Visual Studio Solution File, Format Version 12.00
# Visual Studio Version 17
VisualStudioVersion = 17.4.33103.184
MinimumVisualStudioVersion = 10.0.40219.1
Project("{2150E333-8FDC-42A3-9474-1A3956D46DE8}") = "src", "src", "{A95E9106-2C39-4897-9487-9B0A2CDE5B04}"
EndProject
Project("{9A19103F-16F7-4668-BE54-9A1E7A4F7556}") = "CocherBusiness.SharedKernel", "src\CocherBusiness.SharedKernel\CocherBusiness.SharedKernel.csproj", "{1CB94AB4-4C94-40BD-B020-AC200CE4A270}"
EndProject
Project("{9A19103F-16F7-4668-BE54-9A1E7A4F7556}") = "CocherBusiness.Application", "src\CocherBusiness.Application\CocherBusiness.Application.csproj", "{AED4F296-9B01-4B74-9DCF-B2C11632716B}"
EndProject
Project("{9A19103F-16F7-4668-BE54-9A1E7A4F7556}") = "CocherBusiness.Infrastructure", "src\CocherBusiness.Infrastructure\CocherBusiness.Infrastructure.csproj", "{8E67AC14-55F9-45D9-9C6E-BBD9BC9EA62D}"
EndProject
Project("{FAE04EC0-301F-11D3-BF4B-00C04F79EFBC}") = "CocherBusiness.Web", "src\CocherBusiness.Web\CocherBusiness.Web.csproj", "{BE7A0B3A-9D7E-4F33-A27B-5132BF495F0D}"
EndProject
Global
	GlobalSection(SolutionConfigurationPlatforms) = preSolution
		Debug|Any CPU = Debug|Any CPU
		Release|Any CPU = Release|Any CPU
	EndGlobalSection
	GlobalSection(ProjectConfigurationPlatforms) = postSolution
		{1CB94AB4-4C94-40BD-B020-AC200CE4A270}.Debug|Any CPU.ActiveCfg = Debug|Any CPU
		{1CB94AB4-4C94-40BD-B020-AC200CE4A270}.Debug|Any CPU.Build.0 = Debug|Any CPU
		{1CB94AB4-4C94-40BD-B020-AC200CE4A270}.Release|Any CPU.ActiveCfg = Release|Any CPU
		{1CB94AB4-4C94-40BD-B020-AC200CE4A270}.Release|Any CPU.Build.0 = Release|Any CPU
		{AED4F296-9B01-4B74-9DCF-B2C11632716B}.Debug|Any CPU.ActiveCfg = Debug|Any CPU
		{AED4F296-9B01-4B74-9DCF-B2C11632716B}.Debug|Any CPU.Build.0 = Debug|Any CPU
		{AED4F296-9B01-4B74-9DCF-B2C11632716B}.Release|Any CPU.ActiveCfg = Release|Any CPU
		{AED4F296-9B01-4B74-9DCF-B2C11632716B}.Release|Any CPU.Build.0 = Release|Any CPU
		{8E67AC14-55F9-45D9-9C6E-BBD9BC9EA62D}.Debug|Any CPU.ActiveCfg = Debug|Any CPU
		{8E67AC14-55F9-45D9-9C6E-BBD9BC9EA62D}.Debug|Any CPU.Build.0 = Debug|Any CPU
		{8E67AC14-55F9-45D9-9C6E-BBD9BC9EA62D}.Release|Any CPU.ActiveCfg = Release|Any CPU
		{8E67AC14-55F9-45D9-9C6E-BBD9BC9EA62D}.Release|Any CPU.Build.0 = Release|Any CPU
		{BE7A0B3A-9D7E-4F33-A27B-5132BF495F0D}.Debug|Any CPU.ActiveCfg = Debug|Any CPU
		{BE7A0B3A-9D7E-4F33-A27B-5132BF495F0D}.Debug|Any CPU.Build.0 = Debug|Any CPU
		{BE7A0B3A-9D7E-4F33-A27B-5132BF495F0D}.Release|Any CPU.ActiveCfg = Release|Any CPU
		{BE7A0B3A-9D7E-4F33-A27B-5132BF495F0D}.Release|Any CPU.Build.0 = Release|Any CPU
	EndGlobalSection
	GlobalSection(SolutionProperties) = preSolution
		HideSolutionNode = FALSE
	EndGlobalSection
	GlobalSection(NestedProjects) = preSolution
		{1CB94AB4-4C94-40BD-B020-AC200CE4A270} = {A95E9106-2C39-4897-9487-9B0A2CDE5B04}
		{AED4F296-9B01-4B74-9DCF-B2C11632716B} = {A95E9106-2C39-4897-9487-9B0A2CDE5B04}
		{8E67AC14-55F9-45D9-9C6E-BBD9BC9EA62D} = {A95E9106-2C39-4897-9487-9B0A2CDE5B04}
		{BE7A0B3A-9D7E-4F33-A27B-5132BF495F0D} = {A95E9106-2C39-4897-9487-9B0A2CDE5B04}
	EndGlobalSection
	GlobalSection(ExtensibilityGlobals) = postSolution
		SolutionGuid = {DBCA898E-33CA-4364-94B8-54A369FDD475}
	EndGlobalSection
EndGlobal
